// !$*UTF8*$!
{
	archiveVersion = 1;
	classes = {
	};
	objectVersion = 50;
	objects = {

/* Begin PBXBuildFile section */
		84F682BA21CCEF530058B807 /* AppDelegate.m in Sources */ = {isa = PBXBuildFile; fileRef = 84F682B921CCEF530058B807 /* AppDelegate.m */; };
		84F682BD21CCEF530058B807 /* ViewController.m in Sources */ = {isa = PBXBuildFile; fileRef = 84F682BC21CCEF530058B807 /* ViewController.m */; };
		84F682C021CCEF530058B807 /* Main.storyboard in Resources */ = {isa = PBXBuildFile; fileRef = 84F682BE21CCEF530058B807 /* Main.storyboard */; };
		84F682C221CCEF540058B807 /* Assets.xcassets in Resources */ = {isa = PBXBuildFile; fileRef = 84F682C121CCEF540058B807 /* Assets.xcassets */; };
		84F682C521CCEF540058B807 /* LaunchScreen.storyboard in Resources */ = {isa = PBXBuildFile; fileRef = 84F682C321CCEF540058B807 /* LaunchScreen.storyboard */; };
		84F682C821CCEF540058B807 /* main.m in Sources */ = {isa = PBXBuildFile; fileRef = 84F682C721CCEF540058B807 /* main.m */; };
		84F682D421CCEF660058B807 /* BLPesentationController.m in Sources */ = {isa = PBXBuildFile; fileRef = 84F682CE21CCEF660058B807 /* BLPesentationController.m */; };
		84F682D521CCEF660058B807 /* BLDrawerInteractiveTransition.m in Sources */ = {isa = PBXBuildFile; fileRef = 84F682D021CCEF660058B807 /* BLDrawerInteractiveTransition.m */; };
		84F682D621CCEF660058B807 /* BLPanGestureRecognizer.m in Sources */ = {isa = PBXBuildFile; fileRef = 84F682D221CCEF660058B807 /* BLPanGestureRecognizer.m */; };
		84F682DA21CCF2730058B807 /* DrawerViewController.m in Sources */ = {isa = PBXBuildFile; fileRef = 84F682D921CCF2730058B807 /* DrawerViewController.m */; };
/* End PBXBuildFile section */

/* Begin PBXFileReference section */
		84F682B521CCEF530058B807 /* BLDrawerKit.app */ = {isa = PBXFileReference; explicitFileType = wrapper.application; includeInIndex = 0; path = BLDrawerKit.app; sourceTree = BUILT_PRODUCTS_DIR; };
		84F682B821CCEF530058B807 /* AppDelegate.h */ = {isa = PBXFileReference; lastKnownFileType = sourcecode.c.h; path = AppDelegate.h; sourceTree = "<group>"; };
		84F682B921CCEF530058B807 /* AppDelegate.m */ = {isa = PBXFileReference; lastKnownFileType = sourcecode.c.objc; path = AppDelegate.m; sourceTree = "<group>"; };
		84F682BB21CCEF530058B807 /* ViewController.h */ = {isa = PBXFileReference; lastKnownFileType = sourcecode.c.h; path = ViewController.h; sourceTree = "<group>"; };
		84F682BC21CCEF530058B807 /* ViewController.m */ = {isa = PBXFileReference; lastKnownFileType = sourcecode.c.objc; path = ViewController.m; sourceTree = "<group>"; };
		84F682BF21CCEF530058B807 /* Base */ = {isa = PBXFileReference; lastKnownFileType = file.storyboard; name = Base; path = Base.lproj/Main.storyboard; sourceTree = "<group>"; };
		84F682C121CCEF540058B807 /* Assets.xcassets */ = {isa = PBXFileReference; lastKnownFileType = folder.assetcatalog; path = Assets.xcassets; sourceTree = "<group>"; };
		84F682C421CCEF540058B807 /* Base */ = {isa = PBXFileReference; lastKnownFileType = file.storyboard; name = Base; path = Base.lproj/LaunchScreen.storyboard; sourceTree = "<group>"; };
		84F682C621CCEF540058B807 /* Info.plist */ = {isa = PBXFileReference; lastKnownFileType = text.plist.xml; path = Info.plist; sourceTree = "<group>"; };
		84F682C721CCEF540058B807 /* main.m */ = {isa = PBXFileReference; lastKnownFileType = sourcecode.c.objc; path = main.m; sourceTree = "<group>"; };
		84F682CE21CCEF660058B807 /* BLPesentationController.m */ = {isa = PBXFileReference; fileEncoding = 4; lastKnownFileType = sourcecode.c.objc; path = BLPesentationController.m; sourceTree = "<group>"; };
		84F682CF21CCEF660058B807 /* BLPanGestureRecognizer.h */ = {isa = PBXFileReference; fileEncoding = 4; lastKnownFileType = sourcecode.c.h; path = BLPanGestureRecognizer.h; sourceTree = "<group>"; };
		84F682D021CCEF660058B807 /* BLDrawerInteractiveTransition.m */ = {isa = PBXFileReference; fileEncoding = 4; lastKnownFileType = sourcecode.c.objc; path = BLDrawerInteractiveTransition.m; sourceTree = "<group>"; };
		84F682D121CCEF660058B807 /* BLDrawerInteractiveTransition.h */ = {isa = PBXFileReference; fileEncoding = 4; lastKnownFileType = sourcecode.c.h; path = BLDrawerInteractiveTransition.h; sourceTree = "<group>"; };
		84F682D221CCEF660058B807 /* BLPanGestureRecognizer.m */ = {isa = PBXFileReference; fileEncoding = 4; lastKnownFileType = sourcecode.c.objc; path = BLPanGestureRecognizer.m; sourceTree = "<group>"; };
		84F682D321CCEF660058B807 /* BLPesentationController.h */ = {isa = PBXFileReference; fileEncoding = 4; lastKnownFileType = sourcecode.c.h; path = BLPesentationController.h; sourceTree = "<group>"; };
		84F682D821CCF2730058B807 /* DrawerViewController.h */ = {isa = PBXFileReference; lastKnownFileType = sourcecode.c.h; path = DrawerViewController.h; sourceTree = "<group>"; };
		84F682D921CCF2730058B807 /* DrawerViewController.m */ = {isa = PBXFileReference; lastKnownFileType = sourcecode.c.objc; path = DrawerViewController.m; sourceTree = "<group>"; };
/* End PBXFileReference section */

/* Begin PBXFrameworksBuildPhase section */
		84F682B221CCEF530058B807 /* Frameworks */ = {
			isa = PBXFrameworksBuildPhase;
			buildActionMask = 2147483647;
			files = (
			);
			runOnlyForDeploymentPostprocessing = 0;
		};
/* End PBXFrameworksBuildPhase section */

/* Begin PBXGroup section */
		84F682AC21CCEF530058B807 = {
			isa = PBXGroup;
			children = (
				84F682B721CCEF530058B807 /* BLDrawerKit */,
				84F682B621CCEF530058B807 /* Products */,
			);
			sourceTree = "<group>";
		};
		84F682B621CCEF530058B807 /* Products */ = {
			isa = PBXGroup;
			children = (
				84F682B521CCEF530058B807 /* BLDrawerKit.app */,
			);
			name = Products;
			sourceTree = "<group>";
		};
		84F682B721CCEF530058B807 /* BLDrawerKit */ = {
			isa = PBXGroup;
			children = (
				84F682B821CCEF530058B807 /* AppDelegate.h */,
				84F682B921CCEF530058B807 /* AppDelegate.m */,
				84F682BB21CCEF530058B807 /* ViewController.h */,
				84F682BC21CCEF530058B807 /* ViewController.m */,
				84F682D821CCF2730058B807 /* DrawerViewController.h */,
				84F682D921CCF2730058B807 /* DrawerViewController.m */,
				84F682D721CCEF6C0058B807 /* BLDrawerController */,
				84F682BE21CCEF530058B807 /* Main.storyboard */,
				84F682C121CCEF540058B807 /* Assets.xcassets */,
				84F682C321CCEF540058B807 /* LaunchScreen.storyboard */,
				84F682C621CCEF540058B807 /* Info.plist */,
				84F682C721CCEF540058B807 /* main.m */,
			);
			path = BLDrawerKit;
			sourceTree = "<group>";
		};
		84F682D721CCEF6C0058B807 /* BLDrawerController */ = {
			isa = PBXGroup;
			children = (
				84F682D121CCEF660058B807 /* BLDrawerInteractiveTransition.h */,
				84F682D021CCEF660058B807 /* BLDrawerInteractiveTransition.m */,
				84F682CF21CCEF660058B807 /* BLPanGestureRecognizer.h */,
				84F682D221CCEF660058B807 /* BLPanGestureRecognizer.m */,
				84F682D321CCEF660058B807 /* BLPesentationController.h */,
				84F682CE21CCEF660058B807 /* BLPesentationController.m */,
			);
			path = BLDrawerController;
			sourceTree = "<group>";
		};
/* End PBXGroup section */

/* Begin PBXNativeTarget section */
		84F682B421CCEF530058B807 /* BLDrawerKit */ = {
			isa = PBXNativeTarget;
			buildConfigurationList = 84F682CB21CCEF540058B807 /* Build configuration list for PBXNativeTarget "BLDrawerKit" */;
			buildPhases = (
				84F682B121CCEF530058B807 /* Sources */,
				84F682B221CCEF530058B807 /* Frameworks */,
				84F682B321CCEF530058B807 /* Resources */,
			);
			buildRules = (
			);
			dependencies = (
			);
			name = BLDrawerKit;
			productName = BLDrawerKit;
			productReference = 84F682B521CCEF530058B807 /* BLDrawerKit.app */;
			productType = "com.apple.product-type.application";
		};
/* End PBXNativeTarget section */

/* Begin PBXProject section */
		84F682AD21CCEF530058B807 /* Project object */ = {
			isa = PBXProject;
			attributes = {
				LastUpgradeCheck = 0940;
				ORGANIZATIONNAME = "TD-tech";
				TargetAttributes = {
					84F682B421CCEF530058B807 = {
						CreatedOnToolsVersion = 9.4.1;
					};
				};
			};
			buildConfigurationList = 84F682B021CCEF530058B807 /* Build configuration list for PBXProject "BLDrawerKit" */;
			compatibilityVersion = "Xcode 9.3";
			developmentRegion = en;
			hasScannedForEncodings = 0;
			knownRegions = (
				en,
				Base,
			);
			mainGroup = 84F682AC21CCEF530058B807;
			productRefGroup = 84F682B621CCEF530058B807 /* Products */;
			projectDirPath = "";
			projectRoot = "";
			targets = (
				84F682B421CCEF530058B807 /* BLDrawerKit */,
			);
		};
/* End PBXProject section */

/* Begin PBXResourcesBuildPhase section */
		84F682B321CCEF530058B807 /* Resources */ = {
			isa = PBXResourcesBuildPhase;
			buildActionMask = 2147483647;
			files = (
				84F682C521CCEF540058B807 /* LaunchScreen.storyboard in Resources */,
				84F682C221CCEF540058B807 /* Assets.xcassets in Resources */,
				84F682C021CCEF530058B807 /* Main.storyboard in Resources */,
			);
			runOnlyForDeploymentPostprocessing = 0;
		};
/* End PBXResourcesBuildPhase section */

/* Begin PBXSourcesBuildPhase section */
		84F682B121CCEF530058B807 /* Sources */ = {
			isa = PBXSourcesBuildPhase;
			buildActionMask = 2147483647;
			files = (
				84F682D421CCEF660058B807 /* BLPesentationController.m in Sources */,
				84F682D621CCEF660058B807 /* BLPanGestureRecognizer.m in Sources */,
				84F682D521CCEF660058B807 /* BLDrawerInteractiveTransition.m in Sources */,
				84F682BD21CCEF530058B807 /* ViewController.m in Sources */,
				84F682DA21CCF2730058B807 /* DrawerViewController.m in Sources */,
				84F682C821CCEF540058B807 /* main.m in Sources */,
				84F682BA21CCEF530058B807 /* AppDelegate.m in Sources */,
			);
			runOnlyForDeploymentPostprocessing = 0;
		};
/* End PBXSourcesBuildPhase section */

/* Begin PBXVariantGroup section */
		84F682BE21CCEF530058B807 /* Main.storyboard */ = {
			isa = PBXVariantGroup;
			children = (
				84F682BF21CCEF530058B807 /* Base */,
			);
			name = Main.storyboard;
			sourceTree = "<group>";
		};
		84F682C321CCEF540058B807 /* LaunchScreen.storyboard */ = {
			isa = PBXVariantGroup;
			children = (
				84F682C421CCEF540058B807 /* Base */,
			);
			name = LaunchScreen.storyboard;
			sourceTree = "<group>";
		};
/* End PBXVariantGroup section */

/* Begin XCBuildConfiguration section */
		84F682C921CCEF540058B807 /* Debug */ = {
			isa = XCBuildConfiguration;
			buildSettings = {
				ALWAYS_SEARCH_USER_PATHS = NO;
				CLANG_ANALYZER_NONNULL = YES;
				CLANG_ANALYZER_NUMBER_OBJECT_CONVERSION = YES_AGGRESSIVE;
				CLANG_CXX_LANGUAGE_STANDARD = "gnu++14";
				CLANG_CXX_LIBRARY = "libc++";
				CLANG_ENABLE_MODULES = YES;
				CLANG_ENABLE_OBJC_ARC = YES;
				CLANG_ENABLE_OBJC_WEAK = YES;
				CLANG_WARN_BLOCK_CAPTURE_AUTORELEASING = YES;
				CLANG_WARN_BOOL_CONVERSION = YES;
				CLANG_WARN_COMMA = YES;
				CLANG_WARN_CONSTANT_CONVERSION = YES;
				CLANG_WARN_DEPRECATED_OBJC_IMPLEMENTATIONS = YES;
				CLANG_WARN_DIRECT_OBJC_ISA_USAGE = YES_ERROR;
				CLANG_WARN_DOCUMENTATION_COMMENTS = YES;
				CLANG_WARN_EMPTY_BODY = YES;
				CLANG_WARN_ENUM_CONVERSION = YES;
				CLANG_WARN_INFINITE_RECURSION = YES;
				CLANG_WARN_INT_CONVERSION = YES;
				CLANG_WARN_NON_LITERAL_NULL_CONVERSION = YES;
				CLANG_WARN_OBJC_IMPLICIT_RETAIN_SELF = YES;
				CLANG_WARN_OBJC_LITERAL_CONVERSION = YES;
				CLANG_WARN_OBJC_ROOT_CLASS = YES_ERROR;
				CLANG_WARN_RANGE_LOOP_ANALYSIS = YES;
				CLANG_WARN_STRICT_PROTOTYPES = YES;
				CLANG_WARN_SUSPICIOUS_MOVE = YES;
				CLANG_WARN_UNGUARDED_AVAILABILITY = YES_AGGRESSIVE;
				CLANG_WARN_UNREACHABLE_CODE = YES;
				CLANG_WARN__DUPLICATE_METHOD_MATCH = YES;
				CODE_SIGN_IDENTITY = "iPhone Developer";
				COPY_PHASE_STRIP = NO;
				DEBUG_INFORMATION_FORMAT = dwarf;
				ENABLE_STRICT_OBJC_MSGSEND = YES;
				ENABLE_TESTABILITY = YES;
				GCC_C_LANGUAGE_STANDARD = gnu11;
				GCC_DYNAMIC_NO_PIC = NO;
				GCC_NO_COMMON_BLOCKS = YES;
				GCC_OPTIMIZATION_LEVEL = 0;
				GCC_PREPROCESSOR_DEFINITIONS = (
					"DEBUG=1",
					"$(inherited)",
				);
				GCC_WARN_64_TO_32_BIT_CONVERSION = YES;
				GCC_WARN_ABOUT_RETURN_TYPE = YES_ERROR;
				GCC_WARN_UNDECLARED_SELECTOR = YES;
				GCC_WARN_UNINITIALIZED_AUTOS = YES_AGGRESSIVE;
				GCC_WARN_UNUSED_FUNCTION = YES;
				GCC_WARN_UNUSED_VARIABLE = YES;
				IPHONEOS_DEPLOYMENT_TARGET = 9.0;
				MTL_ENABLE_DEBUG_INFO = YES;
				ONLY_ACTIVE_ARCH = YES;
				SDKROOT = iphoneos;
			};
			name = Debug;
		};
		84F682CA21CCEF540058B807 /* Release */ = {
			isa = XCBuildConfiguration;
			buildSettings = {
				ALWAYS_SEARCH_USER_PATHS = NO;
				CLANG_ANALYZER_NONNULL = YES;
				CLANG_ANALYZER_NUMBER_OBJECT_CONVERSION = YES_AGGRESSIVE;
				CLANG_CXX_LANGUAGE_STANDARD = "gnu++14";
				CLANG_CXX_LIBRARY = "libc++";
				CLANG_ENABLE_MODULES = YES;
				CLANG_ENABLE_OBJC_ARC = YES;
				CLANG_ENABLE_OBJC_WEAK = YES;
				CLANG_WARN_BLOCK_CAPTURE_AUTORELEASING = YES;
				CLANG_WARN_BOOL_CONVERSION = YES;
				CLANG_WARN_COMMA = YES;
				CLANG_WARN_CONSTANT_CONVERSION = YES;
				CLANG_WARN_DEPRECATED_OBJC_IMPLEMENTATIONS = YES;
				CLANG_WARN_DIRECT_OBJC_ISA_USAGE = YES_ERROR;
				CLANG_WARN_DOCUMENTATION_COMMENTS = YES;
				CLANG_WARN_EMPTY_BODY = YES;
				CLANG_WARN_ENUM_CONVERSION = YES;
				CLANG_WARN_INFINITE_RECURSION = YES;
				CLANG_WARN_INT_CONVERSION = YES;
				CLANG_WARN_NON_LITERAL_NULL_CONVERSION = YES;
				CLANG_WARN_OBJC_IMPLICIT_RETAIN_SELF = YES;
				CLANG_WARN_OBJC_LITERAL_CONVERSION = YES;
				CLANG_WARN_OBJC_ROOT_CLASS = YES_ERROR;
				CLANG_WARN_RANGE_LOOP_ANALYSIS = YES;
				CLANG_WARN_STRICT_PROTOTYPES = YES;
				CLANG_WARN_SUSPICIOUS_MOVE = YES;
				CLANG_WARN_UNGUARDED_AVAILABILITY = YES_AGGRESSIVE;
				CLANG_WARN_UNREACHABLE_CODE = YES;
				CLANG_WARN__DUPLICATE_METHOD_MATCH = YES;
				CODE_SIGN_IDENTITY = "iPhone Developer";
				COPY_PHASE_STRIP = NO;
				DEBUG_INFORMATION_FORMAT = "dwarf-with-dsym";
				ENABLE_NS_ASSERTIONS = NO;
				ENABLE_STRICT_OBJC_MSGSEND = YES;
				GCC_C_LANGUAGE_STANDARD = gnu11;
				GCC_NO_COMMON_BLOCKS = YES;
				GCC_WARN_64_TO_32_BIT_CONVERSION = YES;
				GCC_WARN_ABOUT_RETURN_TYPE = YES_ERROR;
				GCC_WARN_UNDECLARED_SELECTOR = YES;
				GCC_WARN_UNINITIALIZED_AUTOS = YES_AGGRESSIVE;
				GCC_WARN_UNUSED_FUNCTION = YES;
				GCC_WARN_UNUSED_VARIABLE = YES;
				IPHONEOS_DEPLOYMENT_TARGET = 9.0;
				MTL_ENABLE_DEBUG_INFO = NO;
				SDKROOT = iphoneos;
				VALIDATE_PRODUCT = YES;
			};
			name = Release;
		};
		84F682CC21CCEF540058B807 /* Debug */ = {
			isa = XCBuildConfiguration;
			buildSettings = {
				ASSETCATALOG_COMPILER_APPICON_NAME = AppIcon;
				CODE_SIGN_STYLE = Automatic;
				DEVELOPMENT_TEAM = F68V95BX7J;
				INFOPLIST_FILE = BLDrawerKit/Info.plist;
				LD_RUNPATH_SEARCH_PATHS = (
					"$(inherited)",
					"@executable_path/Frameworks",
				);
				PRODUCT_BUNDLE_IDENTIFIER = com.samuel.me.BLDrawerKit;
				PRODUCT_NAME = "$(TARGET_NAME)";
				TARGETED_DEVICE_FAMILY = "1,2";
			};
			name = Debug;
		};
		84F682CD21CCEF540058B807 /* Release */ = {
			isa = XCBuildConfiguration;
			buildSettings = {
				ASSETCATALOG_COMPILER_APPICON_NAME = AppIcon;
				CODE_SIGN_STYLE = Automatic;
				DEVELOPMENT_TEAM = F68V95BX7J;
				INFOPLIST_FILE = BLDrawerKit/Info.plist;
				LD_RUNPATH_SEARCH_PATHS = (
					"$(inherited)",
					"@executable_path/Frameworks",
				);
				PRODUCT_BUNDLE_IDENTIFIER = com.samuel.me.BLDrawerKit;
				PRODUCT_NAME = "$(TARGET_NAME)";
				TARGETED_DEVICE_FAMILY = "1,2";
			};
			name = Release;
		};
/* End XCBuildConfiguration section */

/* Begin XCConfigurationList section */
		84F682B021CCEF530058B807 /* Build configuration list for PBXProject "BLDrawerKit" */ = {
			isa = XCConfigurationList;
			buildConfigurations = (
				84F682C921CCEF540058B807 /* Debug */,
				84F682CA21CCEF540058B807 /* Release */,
			);
			defaultConfigurationIsVisible = 0;
			defaultConfigurationName = Release;
		};
		84F682CB21CCEF540058B807 /* Build configuration list for PBXNativeTarget "BLDrawerKit" */ = {
			isa = XCConfigurationList;
			buildConfigurations = (
				84F682CC21CCEF540058B807 /* Debug */,
				84F682CD21CCEF540058B807 /* Release */,
			);
			defaultConfigurationIsVisible = 0;
			defaultConfigurationName = Release;
		};
/* End XCConfigurationList section */
	};
	rootObject = 84F682AD21CCEF530058B807 /* Project object */;
}
